
Microsoft Visual Studio Solution File, Format Version 12.00
# Visual Studio Version 17
VisualStudioVersion = 17.4.33110.190
MinimumVisualStudioVersion = 10.0.40219.1
Project("{FAE04EC0-301F-11D3-BF4B-00C04F79EFBC}") = "NZWalks.API", "NZWalks.API\NZWalks.API.csproj", "{B0F3DDFA-3AEF-4807-8E66-BB3138DFCA79}"
EndProject
Global
	GlobalSection(SolutionConfigurationPlatforms) = preSolution
		Debug|Any CPU = Debug|Any CPU
		Release|Any CPU = Release|Any CPU
	EndGlobalSection
	GlobalSection(ProjectConfigurationPlatforms) = postSolution
		{B0F3DDFA-3AEF-4807-8E66-BB3138DFCA79}.Debug|Any CPU.ActiveCfg = Debug|Any CPU
		{B0F3DDFA-3AEF-4807-8E66-BB3138DFCA79}.Debug|Any CPU.Build.0 = Debug|Any CPU
		{B0F3DDFA-3AEF-4807-8E66-BB3138DFCA79}.Release|Any CPU.ActiveCfg = Release|Any CPU
		{B0F3DDFA-3AEF-4807-8E66-BB3138DFCA79}.Release|Any CPU.Build.0 = Release|Any CPU
	EndGlobalSection
	GlobalSection(SolutionProperties) = preSolution
		HideSolutionNode = FALSE
	EndGlobalSection
	GlobalSection(ExtensibilityGlobals) = postSolution
		SolutionGuid = {59B52904-681F-4D4D-BC5A-99224D5AFC63}
	EndGlobalSection
EndGlobal
